
Microsoft Visual Studio Solution File, Format Version 12.00
# Visual Studio Version 17
VisualStudioVersion = 17.13.35806.99
MinimumVisualStudioVersion = 10.0.40219.1
Project("{FAE04EC0-301F-11D3-BF4B-00C04F79EFBC}") = "CapaPresentacion", "CapaPresentacion\CapaPresentacion.csproj", "{2E1D25E5-46BA-4CA9-87C1-376DF6FD00E8}"
EndProject
Project("{FAE04EC0-301F-11D3-BF4B-00C04F79EFBC}") = "CapaAccesoDatos", "CapaAccesoDatos\CapaAccesoDatos.csproj", "{490F3BEF-E71C-4FA5-B5A7-13AE8AD3BDC8}"
EndProject
Project("{FAE04EC0-301F-11D3-BF4B-00C04F79EFBC}") = "CapaNegocio", "CapaNegocio\CapaNegocio.csproj", "{759F2952-79D8-444F-ACFF-375EBC59F524}"
EndProject
Project("{FAE04EC0-301F-11D3-BF4B-00C04F79EFBC}") = "CapaNegocioTest", "CapaNegocioTest\CapaNegocioTest.csproj", "{2F343512-0775-4E38-9A51-863125D47875}"
EndProject
Project("{FAE04EC0-301F-11D3-BF4B-00C04F79EFBC}") = "CapaDatosPrueba", "CapaDatosPrueba\CapaDatosPrueba.csproj", "{71662426-CB55-4F97-B890-7226D482F539}"
EndProject
Global
	GlobalSection(SolutionConfigurationPlatforms) = preSolution
		Debug|Any CPU = Debug|Any CPU
		Release|Any CPU = Release|Any CPU
	EndGlobalSection
	GlobalSection(ProjectConfigurationPlatforms) = postSolution
		{2E1D25E5-46BA-4CA9-87C1-376DF6FD00E8}.Debug|Any CPU.ActiveCfg = Debug|Any CPU
		{2E1D25E5-46BA-4CA9-87C1-376DF6FD00E8}.Debug|Any CPU.Build.0 = Debug|Any CPU
		{2E1D25E5-46BA-4CA9-87C1-376DF6FD00E8}.Release|Any CPU.ActiveCfg = Release|Any CPU
		{2E1D25E5-46BA-4CA9-87C1-376DF6FD00E8}.Release|Any CPU.Build.0 = Release|Any CPU
		{490F3BEF-E71C-4FA5-B5A7-13AE8AD3BDC8}.Debug|Any CPU.ActiveCfg = Debug|Any CPU
		{490F3BEF-E71C-4FA5-B5A7-13AE8AD3BDC8}.Debug|Any CPU.Build.0 = Debug|Any CPU
		{490F3BEF-E71C-4FA5-B5A7-13AE8AD3BDC8}.Release|Any CPU.ActiveCfg = Release|Any CPU
		{490F3BEF-E71C-4FA5-B5A7-13AE8AD3BDC8}.Release|Any CPU.Build.0 = Release|Any CPU
		{759F2952-79D8-444F-ACFF-375EBC59F524}.Debug|Any CPU.ActiveCfg = Debug|Any CPU
		{759F2952-79D8-444F-ACFF-375EBC59F524}.Debug|Any CPU.Build.0 = Debug|Any CPU
		{759F2952-79D8-444F-ACFF-375EBC59F524}.Release|Any CPU.ActiveCfg = Release|Any CPU
		{759F2952-79D8-444F-ACFF-375EBC59F524}.Release|Any CPU.Build.0 = Release|Any CPU
		{2F343512-0775-4E38-9A51-863125D47875}.Debug|Any CPU.ActiveCfg = Debug|Any CPU
		{2F343512-0775-4E38-9A51-863125D47875}.Debug|Any CPU.Build.0 = Debug|Any CPU
		{2F343512-0775-4E38-9A51-863125D47875}.Release|Any CPU.ActiveCfg = Release|Any CPU
		{2F343512-0775-4E38-9A51-863125D47875}.Release|Any CPU.Build.0 = Release|Any CPU
		{71662426-CB55-4F97-B890-7226D482F539}.Debug|Any CPU.ActiveCfg = Debug|Any CPU
		{71662426-CB55-4F97-B890-7226D482F539}.Debug|Any CPU.Build.0 = Debug|Any CPU
		{71662426-CB55-4F97-B890-7226D482F539}.Release|Any CPU.ActiveCfg = Release|Any CPU
		{71662426-CB55-4F97-B890-7226D482F539}.Release|Any CPU.Build.0 = Release|Any CPU
	EndGlobalSection
	GlobalSection(SolutionProperties) = preSolution
		HideSolutionNode = FALSE
	EndGlobalSection
	GlobalSection(ExtensibilityGlobals) = postSolution
		SolutionGuid = {404132C4-F2C2-40F6-997D-F9540377E886}
	EndGlobalSection
EndGlobal
